{
  "name": "vue-formio",
  "version": "4.0.8",
  "lockfileVersion": 1,
  "requires": true,
  "dependencies": {
    "@babel/runtime": {
      "version": "7.15.4",
      "resolved": "https://registry.npmjs.org/@babel/runtime/-/runtime-7.15.4.tgz",
      "integrity": "sha512-99catp6bHCaxr4sJ/DbTGgHS4+Rs2RVd2g7iOap6SLGPDknRK9ztKNsE/Fg6QhSeh1FGE5f6gHGQmvvn3I3xhw==",
      "requires": {
        "regenerator-runtime": "^0.13.4"
      }
    },
    "@formio/bootstrap3": {
      "version": "2.12.0",
      "resolved": "https://registry.npmjs.org/@formio/bootstrap3/-/bootstrap3-2.12.0.tgz",
      "integrity": "sha512-l1KRCmQFw68c9LtNzysVQ7XXeUgfg1G3roQgY4tn1hFbKXcm3yMhOSrY6xcBDJHW/PN4n5ENwbBCfRjrJVkl0Q==",
      "requires": {
        "resize-observer-polyfill": "^1.5.1"
      }
    },
    "@formio/choices.js": {
      "version": "9.0.1",
      "resolved": "https://registry.npmjs.org/@formio/choices.js/-/choices.js-9.0.1.tgz",
      "integrity": "sha512-+JQRWH0yhaeemVJGE1L4oPe9KPFhipzDlms3Pd31gePXpy8q7Mf3Is54/f0fc88+mWeMjK4GyIhcKIKmuGx5Xw==",
      "requires": {
        "deepmerge": "^4.2.0",
        "fuse.js": "^3.4.5",
        "redux": "^4.0.4"
      }
    },
    "@formio/semantic": {
      "version": "2.6.0",
      "resolved": "https://registry.npmjs.org/@formio/semantic/-/semantic-2.6.0.tgz",
      "integrity": "sha512-RwMEVXkyz+B6RivflrrKIqvvnGR/eZDLQs74u67StcrzO6n3/5D2J8XqTQRSUzQzr5QV6Wq0eZ51z/+mGm6THw=="
    },
    "@formio/vanilla-text-mask": {
      "version": "5.1.1",
      "resolved": "https://registry.npmjs.org/@formio/vanilla-text-mask/-/vanilla-text-mask-5.1.1.tgz",
      "integrity": "sha512-7MhrbMypySPi7RLchg0ys7HnS3Wqddbq/btAijKB1nA94TE7AOOLhpZJWcNm3kOlX0Y3nHfoavj/HP7vsvF34Q=="
    },
    "@sphinxxxx/color-conversion": {
      "version": "2.2.2",
      "resolved": "https://registry.npmjs.org/@sphinxxxx/color-conversion/-/color-conversion-2.2.2.tgz",
      "integrity": "sha512-XExJS3cLqgrmNBIP3bBw6+1oQ1ksGjFh0+oClDKFYpCCqx/hlqwWO5KO/S63fzUo67SxI9dMrF0y5T/Ey7h8Zw=="
    },
    "@types/node": {
      "version": "4.9.3",
      "resolved": "https://registry.npmjs.org/@types/node/-/node-4.9.3.tgz",
      "integrity": "sha512-Q9eESThBvAbfEzznF1qTAKUoPbJEbK3lTSO0S3mICvmG/vUSZ+HnCtidpuB58Po7CJt5A2goKsDiYScN8d1V4A==",
      "dev": true
    },
    "@types/vue": {
      "version": "2.0.0",
      "resolved": "https://registry.npmjs.org/@types/vue/-/vue-2.0.0.tgz",
      "integrity": "sha1-7Hez2JWR3rnKXLBSNoqpwyvgiOc=",
      "requires": {
        "vue": "*"
      }
    },
    "atoa": {
      "version": "1.0.0",
      "resolved": "https://registry.npmjs.org/atoa/-/atoa-1.0.0.tgz",
      "integrity": "sha1-DMDpGkgOc4+SPrwQNnZHF3mzSkk="
    },
    "autocompleter": {
      "version": "6.1.2",
      "resolved": "https://registry.npmjs.org/autocompleter/-/autocompleter-6.1.2.tgz",
      "integrity": "sha512-DfEcgxBJOTJJwxkIRZLv/ggD3g5w/fqzZkdJsOcgk7hjxw36lH/nAfIEXzV7qDE55swnYEe43E/WhZPXmSFfsA=="
    },
    "available-typed-arrays": {
      "version": "1.0.5",
      "resolved": "https://registry.npmjs.org/available-typed-arrays/-/available-typed-arrays-1.0.5.tgz",
      "integrity": "sha512-DMD0KiN46eipeziST1LPP/STfDU0sufISXmjSgvVsoU2tqxctQeASejWcfNtxYKqETM1UxQ8sp2OrSBWpHY6sw=="
    },
    "browser-cookies": {
      "version": "1.2.0",
      "resolved": "https://registry.npmjs.org/browser-cookies/-/browser-cookies-1.2.0.tgz",
      "integrity": "sha1-/KP/ubamOq3E2MCZnGtX0Pp9KbU="
    },
    "call-bind": {
      "version": "1.0.2",
      "resolved": "https://registry.npmjs.org/call-bind/-/call-bind-1.0.2.tgz",
      "integrity": "sha512-7O+FbCihrB5WGbFYesctwmTKae6rOiIzmz1icreWJ+0aA7LJfuqhEso2T9ncpcFtzMQtzXf2QGGueWJGTYsqrA==",
      "requires": {
        "function-bind": "^1.1.1",
        "get-intrinsic": "^1.0.2"
      }
    },
    "clone": {
      "version": "2.1.2",
      "resolved": "https://registry.npmjs.org/clone/-/clone-2.1.2.tgz",
      "integrity": "sha1-G39Ln1kfHo+DZwQBYANFoCiHQ18="
    },
    "compare-versions": {
      "version": "3.6.0",
      "resolved": "https://registry.npmjs.org/compare-versions/-/compare-versions-3.6.0.tgz",
      "integrity": "sha512-W6Af2Iw1z4CB7q4uU4hv646dW9GQuBM+YpC0UvUCWSD8w90SJjp+ujJuXaEMtAXBtSqGfMPuFOVn4/+FlaqfBA=="
    },
    "contra": {
      "version": "1.9.4",
      "resolved": "https://registry.npmjs.org/contra/-/contra-1.9.4.tgz",
      "integrity": "sha1-9TveQtfltZhcrk2ZqNYQUm3o8o0=",
      "requires": {
        "atoa": "1.0.0",
        "ticky": "1.0.1"
      }
    },
    "core-js": {
      "version": "3.18.3",
      "resolved": "https://registry.npmjs.org/core-js/-/core-js-3.18.3.tgz",
      "integrity": "sha512-tReEhtMReZaPFVw7dajMx0vlsz3oOb8ajgPoHVYGxr8ErnZ6PcYEvvmjGmXlfpnxpkYSdOQttjB+MvVbCGfvLw=="
    },
    "crossvent": {
      "version": "1.5.5",
      "resolved": "https://registry.npmjs.org/crossvent/-/crossvent-1.5.5.tgz",
      "integrity": "sha1-rSCHjkkh6b5z2daXb4suzQ9xoLE=",
      "requires": {
        "custom-event": "^1.0.0"
      }
    },
    "custom-event": {
      "version": "1.0.1",
      "resolved": "https://registry.npmjs.org/custom-event/-/custom-event-1.0.1.tgz",
      "integrity": "sha1-XQKkaFCt8bSjF5RqOSj8y1v9BCU="
    },
    "custom-event-polyfill": {
      "version": "1.0.7",
      "resolved": "https://registry.npmjs.org/custom-event-polyfill/-/custom-event-polyfill-1.0.7.tgz",
      "integrity": "sha512-TDDkd5DkaZxZFM8p+1I3yAlvM3rSr1wbrOliG4yJiwinMZN8z/iGL7BTlDkrJcYTmgUSb4ywVCc3ZaUtOtC76w=="
    },
    "deep-equal": {
      "version": "2.0.5",
      "resolved": "https://registry.npmjs.org/deep-equal/-/deep-equal-2.0.5.tgz",
      "integrity": "sha512-nPiRgmbAtm1a3JsnLCf6/SLfXcjyN5v8L1TXzdCmHrXJ4hx+gW/w1YCcn7z8gJtSiDArZCgYtbao3QqLm/N1Sw==",
      "requires": {
        "call-bind": "^1.0.0",
        "es-get-iterator": "^1.1.1",
        "get-intrinsic": "^1.0.1",
        "is-arguments": "^1.0.4",
        "is-date-object": "^1.0.2",
        "is-regex": "^1.1.1",
        "isarray": "^2.0.5",
        "object-is": "^1.1.4",
        "object-keys": "^1.1.1",
        "object.assign": "^4.1.2",
        "regexp.prototype.flags": "^1.3.0",
        "side-channel": "^1.0.3",
        "which-boxed-primitive": "^1.0.1",
        "which-collection": "^1.0.1",
        "which-typed-array": "^1.1.2"
      }
    },
    "deepmerge": {
      "version": "4.2.2",
      "resolved": "https://registry.npmjs.org/deepmerge/-/deepmerge-4.2.2.tgz",
      "integrity": "sha512-FJ3UgI4gIl+PHZm53knsuSFpE+nESMr7M4v9QcgB7S63Kj/6WqMiFQJpBBYz1Pt+66bZpP3Q7Lye0Oo9MPKEdg=="
    },
    "define-properties": {
      "version": "1.1.3",
      "resolved": "https://registry.npmjs.org/define-properties/-/define-properties-1.1.3.tgz",
      "integrity": "sha512-3MqfYKj2lLzdMSf8ZIZE/V+Zuy+BgD6f164e8K2w7dgnpKArBDerGYpM46IYYcjnkdPNMjPk9A6VFB8+3SKlXQ==",
      "requires": {
        "object-keys": "^1.0.12"
      }
    },
    "dialog-polyfill": {
      "version": "0.5.6",
      "resolved": "https://registry.npmjs.org/dialog-polyfill/-/dialog-polyfill-0.5.6.tgz",
      "integrity": "sha512-ZbVDJI9uvxPAKze6z146rmfUZjBqNEwcnFTVamQzXH+svluiV7swmVIGr7miwADgfgt1G2JQIytypM9fbyhX4w=="
    },
    "dompurify": {
      "version": "2.3.3",
      "resolved": "https://registry.npmjs.org/dompurify/-/dompurify-2.3.3.tgz",
      "integrity": "sha512-dqnqRkPMAjOZE0FogZ+ceJNM2dZ3V/yNOuFB7+39qpO93hHhfRpHw3heYQC7DPK9FqbQTfBKUJhiSfz4MvXYwg=="
    },
    "downloadjs": {
      "version": "1.4.7",
      "resolved": "https://registry.npmjs.org/downloadjs/-/downloadjs-1.4.7.tgz",
      "integrity": "sha1-9p+W+UDg0FU9rCkROYZaPNAQHjw="
    },
    "dragula": {
      "version": "3.7.3",
      "resolved": "https://registry.npmjs.org/dragula/-/dragula-3.7.3.tgz",
      "integrity": "sha512-/rRg4zRhcpf81TyDhaHLtXt6sEywdfpv1cRUMeFFy7DuypH2U0WUL0GTdyAQvXegviT4PJK4KuMmOaIDpICseQ==",
      "requires": {
        "contra": "1.9.4",
        "crossvent": "1.5.5"
      }
    },
    "es-abstract": {
      "version": "1.19.1",
      "resolved": "https://registry.npmjs.org/es-abstract/-/es-abstract-1.19.1.tgz",
      "integrity": "sha512-2vJ6tjA/UfqLm2MPs7jxVybLoB8i1t1Jd9R3kISld20sIxPcTbLuggQOUxeWeAvIUkduv/CfMjuh4WmiXr2v9w==",
      "requires": {
        "call-bind": "^1.0.2",
        "es-to-primitive": "^1.2.1",
        "function-bind": "^1.1.1",
        "get-intrinsic": "^1.1.1",
        "get-symbol-description": "^1.0.0",
        "has": "^1.0.3",
        "has-symbols": "^1.0.2",
        "internal-slot": "^1.0.3",
        "is-callable": "^1.2.4",
        "is-negative-zero": "^2.0.1",
        "is-regex": "^1.1.4",
        "is-shared-array-buffer": "^1.0.1",
        "is-string": "^1.0.7",
        "is-weakref": "^1.0.1",
        "object-inspect": "^1.11.0",
        "object-keys": "^1.1.1",
        "object.assign": "^4.1.2",
        "string.prototype.trimend": "^1.0.4",
        "string.prototype.trimstart": "^1.0.4",
        "unbox-primitive": "^1.0.1"
      }
    },
    "es-get-iterator": {
      "version": "1.1.2",
      "resolved": "https://registry.npmjs.org/es-get-iterator/-/es-get-iterator-1.1.2.tgz",
      "integrity": "sha512-+DTO8GYwbMCwbywjimwZMHp8AuYXOS2JZFWoi2AlPOS3ebnII9w/NLpNZtA7A0YLaVDw+O7KFCeoIV7OPvM7hQ==",
      "requires": {
        "call-bind": "^1.0.2",
        "get-intrinsic": "^1.1.0",
        "has-symbols": "^1.0.1",
        "is-arguments": "^1.1.0",
        "is-map": "^2.0.2",
        "is-set": "^2.0.2",
        "is-string": "^1.0.5",
        "isarray": "^2.0.5"
      }
    },
    "es-to-primitive": {
      "version": "1.2.1",
      "resolved": "https://registry.npmjs.org/es-to-primitive/-/es-to-primitive-1.2.1.tgz",
      "integrity": "sha512-QCOllgZJtaUo9miYBcLChTUaHNjJF3PYs1VidD7AwiEj1kYxKeQTctLAezAOH5ZKRH0g2IgPn6KwB4IT8iRpvA==",
      "requires": {
        "is-callable": "^1.1.4",
        "is-date-object": "^1.0.1",
        "is-symbol": "^1.0.2"
      }
    },
    "eventemitter3": {
      "version": "4.0.7",
      "resolved": "https://registry.npmjs.org/eventemitter3/-/eventemitter3-4.0.7.tgz",
      "integrity": "sha512-8guHBZCwKnFhYdHr2ysuRWErTwhoN2X8XELRlrRwpmfeY2jjuUN4taQMsULKUVo1K4DvZl+0pgfyoysHxvmvEw=="
    },
    "extend": {
      "version": "3.0.2",
      "resolved": "https://registry.npmjs.org/extend/-/extend-3.0.2.tgz",
      "integrity": "sha512-fjquC59cD7CyW6urNXK0FBufkZcoiGG80wTuPujX590cB5Ttln20E2UB4S/WARVqhXffZl2LNgS+gQdPIIim/g=="
    },
    "fast-deep-equal": {
      "version": "3.1.3",
      "resolved": "https://registry.npmjs.org/fast-deep-equal/-/fast-deep-equal-3.1.3.tgz",
      "integrity": "sha512-f3qQ9oQy9j2AhBe/H9VC91wLmKBCCU/gDOnKNAYG5hswO7BLKj09Hc5HYNz9cGI++xlpDCIgDaitVs03ATR84Q=="
    },
    "fast-diff": {
      "version": "1.2.0",
      "resolved": "https://registry.npmjs.org/fast-diff/-/fast-diff-1.2.0.tgz",
      "integrity": "sha512-xJuoT5+L99XlZ8twedaRf6Ax2TgQVxvgZOYoPKqZufmJib0tL2tegPBOZb1pVNgIhlqDlA0eO0c3wBvQcmzx4w=="
    },
    "fast-json-patch": {
      "version": "3.1.0",
      "resolved": "https://registry.npmjs.org/fast-json-patch/-/fast-json-patch-3.1.0.tgz",
      "integrity": "sha512-IhpytlsVTRndz0hU5t0/MGzS/etxLlfrpG5V5M9mVbuj9TrJLWaMfsox9REM5rkuGX0T+5qjpe8XA1o0gZ42nA=="
    },
    "fetch-ponyfill": {
      "version": "7.1.0",
      "resolved": "https://registry.npmjs.org/fetch-ponyfill/-/fetch-ponyfill-7.1.0.tgz",
      "integrity": "sha512-FhbbL55dj/qdVO3YNK7ZEkshvj3eQ7EuIGV2I6ic/2YiocvyWv+7jg2s4AyS0wdRU75s3tA8ZxI/xPigb0v5Aw==",
      "requires": {
        "node-fetch": "~2.6.1"
      }
    },
    "foreach": {
      "version": "2.0.5",
      "resolved": "https://registry.npmjs.org/foreach/-/foreach-2.0.5.tgz",
      "integrity": "sha1-C+4AUBiusmDQo6865ljdATbsG5k="
    },
    "formiojs": {
      "version": "4.13.8",
      "resolved": "https://registry.npmjs.org/formiojs/-/formiojs-4.13.8.tgz",
      "integrity": "sha512-sMHuUfV6qk2xrPelmmrH1h6J64ff0pzmP7Z7slY/7tEcMVnL9i4gTFxAMzvswFrADuBxNT9Bzyn9fp/8wURxWQ==",
      "requires": {
        "@formio/bootstrap3": "^2.12.0",
        "@formio/choices.js": "^9.0.1",
        "@formio/semantic": "^2.6.0",
        "@formio/vanilla-text-mask": "^5.1.1",
        "autocompleter": "^6.1.2",
        "browser-cookies": "^1.2.0",
        "compare-versions": "^3.6.0",
        "core-js": "^3.18.1",
        "custom-event-polyfill": "^1.0.7",
        "dialog-polyfill": "^0.5.6",
        "dompurify": "^2.3.3",
        "downloadjs": "^1.4.7",
        "dragula": "^3.7.3",
        "eventemitter3": "^4.0.7",
        "fast-deep-equal": "^3.1.3",
        "fast-json-patch": "^3.1.0",
        "fetch-ponyfill": "^7.1.0",
        "i18next": "~20.4.0",
        "idb": "^6.1.4",
        "ismobilejs": "^1.1.1",
        "json-logic-js": "^2.0.0",
        "jstimezonedetect": "^1.0.7",
        "jwt-decode": "^3.1.2",
        "lodash": "^4.17.21",
        "moment": "^2.29.1",
        "moment-timezone": "^0.5.33",
        "native-promise-only": "^0.8.1",
        "quill": "^2.0.0-dev.3",
        "resize-observer-polyfill": "^1.5.1",
        "signature_pad": "^2.3.2",
        "string-hash": "^1.1.3",
        "text-mask-addons": "^3.8.0",
        "tooltip.js": "^1.3.3",
        "uuid": "^8.3.2",
        "vanilla-picker": "^2.11.2"
      }
    },
    "function-bind": {
      "version": "1.1.1",
      "resolved": "https://registry.npmjs.org/function-bind/-/function-bind-1.1.1.tgz",
      "integrity": "sha512-yIovAzMX49sF8Yl58fSCWJ5svSLuaibPxXQJFLmBObTuCr0Mf1KiPopGM9NiFjiYBCbfaa2Fh6breQ6ANVTI0A=="
    },
    "fuse.js": {
      "version": "3.6.1",
      "resolved": "https://registry.npmjs.org/fuse.js/-/fuse.js-3.6.1.tgz",
      "integrity": "sha512-hT9yh/tiinkmirKrlv4KWOjztdoZo1mx9Qh4KvWqC7isoXwdUY3PNWUxceF4/qO9R6riA2C29jdTOeQOIROjgw=="
    },
    "get-intrinsic": {
      "version": "1.1.1",
      "resolved": "https://registry.npmjs.org/get-intrinsic/-/get-intrinsic-1.1.1.tgz",
      "integrity": "sha512-kWZrnVM42QCiEA2Ig1bG8zjoIMOgxWwYCEeNdwY6Tv/cOSeGpcoX4pXHfKUxNKVoArnrEr2e9srnAxxGIraS9Q==",
      "requires": {
        "function-bind": "^1.1.1",
        "has": "^1.0.3",
        "has-symbols": "^1.0.1"
      }
    },
    "get-symbol-description": {
      "version": "1.0.0",
      "resolved": "https://registry.npmjs.org/get-symbol-description/-/get-symbol-description-1.0.0.tgz",
      "integrity": "sha512-2EmdH1YvIQiZpltCNgkuiUnyukzxM/R6NDJX31Ke3BG1Nq5b0S2PhX59UKi9vZpPDQVdqn+1IcaAwnzTT5vCjw==",
      "requires": {
        "call-bind": "^1.0.2",
        "get-intrinsic": "^1.1.1"
      }
    },
    "has": {
      "version": "1.0.3",
      "resolved": "https://registry.npmjs.org/has/-/has-1.0.3.tgz",
      "integrity": "sha512-f2dvO0VU6Oej7RkWJGrehjbzMAjFp5/VKPp5tTpWIV4JHHZK1/BxbFRtf/siA2SWTe09caDmVtYYzWEIbBS4zw==",
      "requires": {
        "function-bind": "^1.1.1"
      }
    },
    "has-bigints": {
      "version": "1.0.1",
      "resolved": "https://registry.npmjs.org/has-bigints/-/has-bigints-1.0.1.tgz",
      "integrity": "sha512-LSBS2LjbNBTf6287JEbEzvJgftkF5qFkmCo9hDRpAzKhUOlJ+hx8dd4USs00SgsUNwc4617J9ki5YtEClM2ffA=="
    },
    "has-symbols": {
      "version": "1.0.2",
      "resolved": "https://registry.npmjs.org/has-symbols/-/has-symbols-1.0.2.tgz",
      "integrity": "sha512-chXa79rL/UC2KlX17jo3vRGz0azaWEx5tGqZg5pO3NUyEJVB17dMruQlzCCOfUvElghKcm5194+BCRvi2Rv/Gw=="
    },
    "has-tostringtag": {
      "version": "1.0.0",
      "resolved": "https://registry.npmjs.org/has-tostringtag/-/has-tostringtag-1.0.0.tgz",
      "integrity": "sha512-kFjcSNhnlGV1kyoGk7OXKSawH5JOb/LzUc5w9B02hOTO0dfFRjbHQKvg1d6cf3HbeUmtU9VbbV3qzZ2Teh97WQ==",
      "requires": {
        "has-symbols": "^1.0.2"
      }
    },
    "i18next": {
      "version": "20.4.0",
      "resolved": "https://registry.npmjs.org/i18next/-/i18next-20.4.0.tgz",
      "integrity": "sha512-89iWWJudmaHJwzIdJ/1eu98GtsJnwBhOUWwlAre70itPMuTE/NTPtgVeaS1CGaB8Q3XrYBGpEqlq4jsScDx9kg==",
      "requires": {
        "@babel/runtime": "^7.12.0"
      }
    },
    "idb": {
      "version": "6.1.5",
      "resolved": "https://registry.npmjs.org/idb/-/idb-6.1.5.tgz",
      "integrity": "sha512-IJtugpKkiVXQn5Y+LteyBCNk1N8xpGV3wWZk9EVtZWH8DYkjBn0bX1XnGP9RkyZF0sAcywa6unHqSWKe7q4LGw=="
    },
    "internal-slot": {
      "version": "1.0.3",
      "resolved": "https://registry.npmjs.org/internal-slot/-/internal-slot-1.0.3.tgz",
      "integrity": "sha512-O0DB1JC/sPyZl7cIo78n5dR7eUSwwpYPiXRhTzNxZVAMUuB8vlnRFyLxdrVToks6XPLVnFfbzaVd5WLjhgg+vA==",
      "requires": {
        "get-intrinsic": "^1.1.0",
        "has": "^1.0.3",
        "side-channel": "^1.0.4"
      }
    },
    "is-arguments": {
      "version": "1.1.1",
      "resolved": "https://registry.npmjs.org/is-arguments/-/is-arguments-1.1.1.tgz",
      "integrity": "sha512-8Q7EARjzEnKpt/PCD7e1cgUS0a6X8u5tdSiMqXhojOdoV9TsMsiO+9VLC5vAmO8N7/GmXn7yjR8qnA6bVAEzfA==",
      "requires": {
        "call-bind": "^1.0.2",
        "has-tostringtag": "^1.0.0"
      }
    },
    "is-bigint": {
      "version": "1.0.4",
      "resolved": "https://registry.npmjs.org/is-bigint/-/is-bigint-1.0.4.tgz",
      "integrity": "sha512-zB9CruMamjym81i2JZ3UMn54PKGsQzsJeo6xvN3HJJ4CAsQNB6iRutp2To77OfCNuoxspsIhzaPoO1zyCEhFOg==",
      "requires": {
        "has-bigints": "^1.0.1"
      }
    },
    "is-boolean-object": {
      "version": "1.1.2",
      "resolved": "https://registry.npmjs.org/is-boolean-object/-/is-boolean-object-1.1.2.tgz",
      "integrity": "sha512-gDYaKHJmnj4aWxyj6YHyXVpdQawtVLHU5cb+eztPGczf6cjuTdwve5ZIEfgXqH4e57An1D1AKf8CZ3kYrQRqYA==",
      "requires": {
        "call-bind": "^1.0.2",
        "has-tostringtag": "^1.0.0"
      }
    },
    "is-callable": {
      "version": "1.2.4",
      "resolved": "https://registry.npmjs.org/is-callable/-/is-callable-1.2.4.tgz",
      "integrity": "sha512-nsuwtxZfMX67Oryl9LCQ+upnC0Z0BgpwntpS89m1H/TLF0zNfzfLMV/9Wa/6MZsj0acpEjAO0KF1xT6ZdLl95w=="
    },
    "is-date-object": {
      "version": "1.0.5",
      "resolved": "https://registry.npmjs.org/is-date-object/-/is-date-object-1.0.5.tgz",
      "integrity": "sha512-9YQaSxsAiSwcvS33MBk3wTCVnWK+HhF8VZR2jRxehM16QcVOdHqPn4VPHmRK4lSr38n9JriurInLcP90xsYNfQ==",
      "requires": {
        "has-tostringtag": "^1.0.0"
      }
    },
    "is-map": {
      "version": "2.0.2",
      "resolved": "https://registry.npmjs.org/is-map/-/is-map-2.0.2.tgz",
      "integrity": "sha512-cOZFQQozTha1f4MxLFzlgKYPTyj26picdZTx82hbc/Xf4K/tZOOXSCkMvU4pKioRXGDLJRn0GM7Upe7kR721yg=="
    },
    "is-negative-zero": {
      "version": "2.0.1",
      "resolved": "https://registry.npmjs.org/is-negative-zero/-/is-negative-zero-2.0.1.tgz",
      "integrity": "sha512-2z6JzQvZRa9A2Y7xC6dQQm4FSTSTNWjKIYYTt4246eMTJmIo0Q+ZyOsU66X8lxK1AbB92dFeglPLrhwpeRKO6w=="
    },
    "is-number-object": {
      "version": "1.0.6",
      "resolved": "https://registry.npmjs.org/is-number-object/-/is-number-object-1.0.6.tgz",
      "integrity": "sha512-bEVOqiRcvo3zO1+G2lVMy+gkkEm9Yh7cDMRusKKu5ZJKPUYSJwICTKZrNKHA2EbSP0Tu0+6B/emsYNHZyn6K8g==",
      "requires": {
        "has-tostringtag": "^1.0.0"
      }
    },
    "is-regex": {
      "version": "1.1.4",
      "resolved": "https://registry.npmjs.org/is-regex/-/is-regex-1.1.4.tgz",
      "integrity": "sha512-kvRdxDsxZjhzUX07ZnLydzS1TU/TJlTUHHY4YLL87e37oUA49DfkLqgy+VjFocowy29cKvcSiu+kIv728jTTVg==",
      "requires": {
        "call-bind": "^1.0.2",
        "has-tostringtag": "^1.0.0"
      }
    },
    "is-set": {
      "version": "2.0.2",
      "resolved": "https://registry.npmjs.org/is-set/-/is-set-2.0.2.tgz",
      "integrity": "sha512-+2cnTEZeY5z/iXGbLhPrOAaK/Mau5k5eXq9j14CpRTftq0pAJu2MwVRSZhyZWBzx3o6X795Lz6Bpb6R0GKf37g=="
    },
    "is-shared-array-buffer": {
      "version": "1.0.1",
      "resolved": "https://registry.npmjs.org/is-shared-array-buffer/-/is-shared-array-buffer-1.0.1.tgz",
      "integrity": "sha512-IU0NmyknYZN0rChcKhRO1X8LYz5Isj/Fsqh8NJOSf+N/hCOTwy29F32Ik7a+QszE63IdvmwdTPDd6cZ5pg4cwA=="
    },
    "is-string": {
      "version": "1.0.7",
      "resolved": "https://registry.npmjs.org/is-string/-/is-string-1.0.7.tgz",
      "integrity": "sha512-tE2UXzivje6ofPW7l23cjDOMa09gb7xlAqG6jG5ej6uPV32TlWP3NKPigtaGeHNu9fohccRYvIiZMfOOnOYUtg==",
      "requires": {
        "has-tostringtag": "^1.0.0"
      }
    },
    "is-symbol": {
      "version": "1.0.4",
      "resolved": "https://registry.npmjs.org/is-symbol/-/is-symbol-1.0.4.tgz",
      "integrity": "sha512-C/CPBqKWnvdcxqIARxyOh4v1UUEOCHpgDa0WYgpKDFMszcrPcffg5uhwSgPCLD2WWxmq6isisz87tzT01tuGhg==",
      "requires": {
        "has-symbols": "^1.0.2"
      }
    },
    "is-typed-array": {
      "version": "1.1.8",
      "resolved": "https://registry.npmjs.org/is-typed-array/-/is-typed-array-1.1.8.tgz",
      "integrity": "sha512-HqH41TNZq2fgtGT8WHVFVJhBVGuY3AnP3Q36K8JKXUxSxRgk/d+7NjmwG2vo2mYmXK8UYZKu0qH8bVP5gEisjA==",
      "requires": {
        "available-typed-arrays": "^1.0.5",
        "call-bind": "^1.0.2",
        "es-abstract": "^1.18.5",
        "foreach": "^2.0.5",
        "has-tostringtag": "^1.0.0"
      }
    },
    "is-weakmap": {
      "version": "2.0.1",
      "resolved": "https://registry.npmjs.org/is-weakmap/-/is-weakmap-2.0.1.tgz",
      "integrity": "sha512-NSBR4kH5oVj1Uwvv970ruUkCV7O1mzgVFO4/rev2cLRda9Tm9HrL70ZPut4rOHgY0FNrUu9BCbXA2sdQ+x0chA=="
    },
    "is-weakref": {
      "version": "1.0.1",
      "resolved": "https://registry.npmjs.org/is-weakref/-/is-weakref-1.0.1.tgz",
      "integrity": "sha512-b2jKc2pQZjaeFYWEf7ScFj+Be1I+PXmlu572Q8coTXZ+LD/QQZ7ShPMst8h16riVgyXTQwUsFEl74mDvc/3MHQ==",
      "requires": {
        "call-bind": "^1.0.0"
      }
    },
    "is-weakset": {
      "version": "2.0.1",
      "resolved": "https://registry.npmjs.org/is-weakset/-/is-weakset-2.0.1.tgz",
      "integrity": "sha512-pi4vhbhVHGLxohUw7PhGsueT4vRGFoXhP7+RGN0jKIv9+8PWYCQTqtADngrxOm2g46hoH0+g8uZZBzMrvVGDmw=="
    },
    "isarray": {
      "version": "2.0.5",
      "resolved": "https://registry.npmjs.org/isarray/-/isarray-2.0.5.tgz",
      "integrity": "sha512-xHjhDr3cNBK0BzdUJSPXZntQUx/mwMS5Rw4A7lPJ90XGAO6ISP/ePDNuo0vhqOZU+UD5JoodwCAAoZQd3FeAKw=="
    },
    "ismobilejs": {
      "version": "1.1.1",
      "resolved": "https://registry.npmjs.org/ismobilejs/-/ismobilejs-1.1.1.tgz",
      "integrity": "sha512-VaFW53yt8QO61k2WJui0dHf4SlL8lxBofUuUmwBo0ljPk0Drz2TiuDW4jo3wDcv41qy/SxrJ+VAzJ/qYqsmzRw=="
    },
    "json-logic-js": {
      "version": "2.0.1",
      "resolved": "https://registry.npmjs.org/json-logic-js/-/json-logic-js-2.0.1.tgz",
      "integrity": "sha512-J3hhqM4IY66sL8qyzU7cwLmTAt3kA6ZsYxyuZBEwhcc+OYPTmAHc64fBTXHT6K5RwFeUqJUX1tfO7wpKsUx+9A=="
    },
    "jstimezonedetect": {
      "version": "1.0.7",
      "resolved": "https://registry.npmjs.org/jstimezonedetect/-/jstimezonedetect-1.0.7.tgz",
      "integrity": "sha512-ARADHortktl9IZ1tr4GHwGPIAzgz3mLNCbR/YjWtRtc/O0o634O3NeFlpLjv95EvuDA5dc8z6yfgbS8nUc4zcQ=="
    },
    "jwt-decode": {
      "version": "3.1.2",
      "resolved": "https://registry.npmjs.org/jwt-decode/-/jwt-decode-3.1.2.tgz",
      "integrity": "sha512-UfpWE/VZn0iP50d8cz9NrZLM9lSWhcJ+0Gt/nm4by88UL+J1SiKN8/5dkjMmbEzwL2CAe+67GsegCbIKtbp75A=="
    },
    "lodash": {
      "version": "4.17.21",
      "resolved": "https://registry.npmjs.org/lodash/-/lodash-4.17.21.tgz",
      "integrity": "sha512-v2kDEe57lecTulaDIuNTPy3Ry4gLGJ6Z1O3vE1krgXZNrsQ+LFTGHVxVjcXPs17LhbZVGedAJv8XZ1tvj5FvSg=="
    },
    "lodash.unescape": {
      "version": "4.0.1",
      "resolved": "https://registry.npmjs.org/lodash.unescape/-/lodash.unescape-4.0.1.tgz",
      "integrity": "sha1-vyJJiGzlFM2hEvrpIYzcBlIR/Jw=",
      "dev": true
    },
    "moment": {
      "version": "2.29.1",
      "resolved": "https://registry.npmjs.org/moment/-/moment-2.29.1.tgz",
      "integrity": "sha512-kHmoybcPV8Sqy59DwNDY3Jefr64lK/by/da0ViFcuA4DH0vQg5Q6Ze5VimxkfQNSC+Mls/Kx53s7TjP1RhFEDQ=="
    },
    "moment-timezone": {
      "version": "0.5.33",
      "resolved": "https://registry.npmjs.org/moment-timezone/-/moment-timezone-0.5.33.tgz",
      "integrity": "sha512-PTc2vcT8K9J5/9rDEPe5czSIKgLoGsH8UNpA4qZTVw0Vd/Uz19geE9abbIOQKaAQFcnQ3v5YEXrbSc5BpshH+w==",
      "requires": {
        "moment": ">= 2.9.0"
      }
    },
    "native-promise-only": {
      "version": "0.8.1",
      "resolved": "https://registry.npmjs.org/native-promise-only/-/native-promise-only-0.8.1.tgz",
      "integrity": "sha1-IKMYwwy0X3H+et+/eyHJnBRy7xE="
    },
    "node-fetch": {
      "version": "2.6.5",
      "resolved": "https://registry.npmjs.org/node-fetch/-/node-fetch-2.6.5.tgz",
      "integrity": "sha512-mmlIVHJEu5rnIxgEgez6b9GgWXbkZj5YZ7fx+2r94a2E+Uirsp6HsPTPlomfdHtpt/B0cdKviwkoaM6pyvUOpQ==",
      "requires": {
        "whatwg-url": "^5.0.0"
      }
    },
    "object-inspect": {
      "version": "1.11.0",
      "resolved": "https://registry.npmjs.org/object-inspect/-/object-inspect-1.11.0.tgz",
      "integrity": "sha512-jp7ikS6Sd3GxQfZJPyH3cjcbJF6GZPClgdV+EFygjFLQ5FmW/dRUnTd9PQ9k0JhoNDabWFbpF1yCdSWCC6gexg=="
    },
    "object-is": {
      "version": "1.1.5",
      "resolved": "https://registry.npmjs.org/object-is/-/object-is-1.1.5.tgz",
      "integrity": "sha512-3cyDsyHgtmi7I7DfSSI2LDp6SK2lwvtbg0p0R1e0RvTqF5ceGx+K2dfSjm1bKDMVCFEDAQvy+o8c6a7VujOddw==",
      "requires": {
        "call-bind": "^1.0.2",
        "define-properties": "^1.1.3"
      }
    },
    "object-keys": {
      "version": "1.1.1",
      "resolved": "https://registry.npmjs.org/object-keys/-/object-keys-1.1.1.tgz",
      "integrity": "sha512-NuAESUOUMrlIXOfHKzD6bpPu3tYt3xvjNdRIQ+FeT0lNb4K8WR70CaDxhuNguS2XG+GjkyMwOzsN5ZktImfhLA=="
    },
    "object.assign": {
      "version": "4.1.2",
      "resolved": "https://registry.npmjs.org/object.assign/-/object.assign-4.1.2.tgz",
      "integrity": "sha512-ixT2L5THXsApyiUPYKmW+2EHpXXe5Ii3M+f4e+aJFAHao5amFRW6J0OO6c/LU8Be47utCx2GL89hxGB6XSmKuQ==",
      "requires": {
        "call-bind": "^1.0.0",
        "define-properties": "^1.1.3",
        "has-symbols": "^1.0.1",
        "object-keys": "^1.1.1"
      }
    },
    "parchment": {
      "version": "2.0.0-dev.2",
      "resolved": "https://registry.npmjs.org/parchment/-/parchment-2.0.0-dev.2.tgz",
      "integrity": "sha512-4fgRny4pPISoML08Zp7poi52Dff3E2G1ORTi2D/acJ/RiROdDAMDB6VcQNfBcmehrX5Wixp6dxh6JjLyE5yUNQ=="
    },
    "popper.js": {
      "version": "1.16.1",
      "resolved": "https://registry.npmjs.org/popper.js/-/popper.js-1.16.1.tgz",
      "integrity": "sha512-Wb4p1J4zyFTbM+u6WuO4XstYx4Ky9Cewe4DWrel7B0w6VVICvPwdOpotjzcf6eD8TsckVnIMNONQyPIUFOUbCQ=="
    },
    "quill": {
      "version": "2.0.0-dev.4",
      "resolved": "https://registry.npmjs.org/quill/-/quill-2.0.0-dev.4.tgz",
      "integrity": "sha512-9WmMVCEIhf3lDdhzl+i+GBDeDl0BFi65waC4Im8Y4HudEJ9kEEb1lciAz9A8pcDmLMjiMbvz84lNt/U5OBS8Vg==",
      "requires": {
        "clone": "^2.1.2",
        "deep-equal": "^2.0.2",
        "eventemitter3": "^4.0.0",
        "extend": "^3.0.2",
        "parchment": "2.0.0-dev.2",
        "quill-delta": "4.2.1"
      }
    },
    "quill-delta": {
      "version": "4.2.1",
      "resolved": "https://registry.npmjs.org/quill-delta/-/quill-delta-4.2.1.tgz",
      "integrity": "sha512-Y2nksOj6Q+4hizre8n0dml76vLNGK4/y86EoI1d7rv6EL1bx7DPDYRmqQMPu1UqFQO/uQuVHQ3fOmm4ZSzWrfA==",
      "requires": {
        "deep-equal": "^1.0.1",
        "extend": "^3.0.2",
        "fast-diff": "1.2.0"
      },
      "dependencies": {
        "deep-equal": {
          "version": "1.1.1",
          "resolved": "https://registry.npmjs.org/deep-equal/-/deep-equal-1.1.1.tgz",
          "integrity": "sha512-yd9c5AdiqVcR+JjcwUQb9DkhJc8ngNr0MahEBGvDiJw8puWab2yZlh+nkasOnZP+EGTAP6rRp2JzJhJZzvNF8g==",
          "requires": {
            "is-arguments": "^1.0.4",
            "is-date-object": "^1.0.1",
            "is-regex": "^1.0.4",
            "object-is": "^1.0.1",
            "object-keys": "^1.1.1",
            "regexp.prototype.flags": "^1.2.0"
          }
        }
      }
    },
    "redux": {
      "version": "4.1.1",
      "resolved": "https://registry.npmjs.org/redux/-/redux-4.1.1.tgz",
      "integrity": "sha512-hZQZdDEM25UY2P493kPYuKqviVwZ58lEmGQNeQ+gXa+U0gYPUBf7NKYazbe3m+bs/DzM/ahN12DbF+NG8i0CWw==",
      "requires": {
        "@babel/runtime": "^7.9.2"
      }
    },
    "regenerator-runtime": {
      "version": "0.13.9",
      "resolved": "https://registry.npmjs.org/regenerator-runtime/-/regenerator-runtime-0.13.9.tgz",
      "integrity": "sha512-p3VT+cOEgxFsRRA9X4lkI1E+k2/CtnKtU4gcxyaCUreilL/vqI6CdZ3wxVUx3UOUg+gnUOQQcRI7BmSI656MYA=="
    },
    "regexp.prototype.flags": {
      "version": "1.3.1",
      "resolved": "https://registry.npmjs.org/regexp.prototype.flags/-/regexp.prototype.flags-1.3.1.tgz",
      "integrity": "sha512-JiBdRBq91WlY7uRJ0ds7R+dU02i6LKi8r3BuQhNXn+kmeLN+EfHhfjqMRis1zJxnlu88hq/4dx0P2OP3APRTOA==",
      "requires": {
        "call-bind": "^1.0.2",
        "define-properties": "^1.1.3"
      }
    },
    "resize-observer-polyfill": {
      "version": "1.5.1",
      "resolved": "https://registry.npmjs.org/resize-observer-polyfill/-/resize-observer-polyfill-1.5.1.tgz",
      "integrity": "sha512-LwZrotdHOo12nQuZlHEmtuXdqGoOD0OhaxopaNFxWzInpEgaLWoVuAMbTzixuosCx2nEG58ngzW3vxdWoxIgdg=="
    },
    "semver": {
      "version": "5.5.0",
      "resolved": "https://registry.npmjs.org/semver/-/semver-5.5.0.tgz",
      "integrity": "sha512-4SJ3dm0WAwWy/NVeioZh5AntkdJoWKxHxcmyP622fOkgHa4z3R0TdBJICINyaSDE6uNwVc8gZr+ZinwZAH4xIA==",
      "dev": true
    },
    "side-channel": {
      "version": "1.0.4",
      "resolved": "https://registry.npmjs.org/side-channel/-/side-channel-1.0.4.tgz",
      "integrity": "sha512-q5XPytqFEIKHkGdiMIrY10mvLRvnQh42/+GoBlFW3b2LXLE2xxJpZFdm94we0BaoV3RwJyGqg5wS7epxTv0Zvw==",
      "requires": {
        "call-bind": "^1.0.0",
        "get-intrinsic": "^1.0.2",
        "object-inspect": "^1.9.0"
      }
    },
    "signature_pad": {
      "version": "2.3.2",
      "resolved": "https://registry.npmjs.org/signature_pad/-/signature_pad-2.3.2.tgz",
      "integrity": "sha512-peYXLxOsIY6MES2TrRLDiNg2T++8gGbpP2yaC+6Ohtxr+a2dzoaqWosWDY9sWqTAAk6E/TyQO+LJw9zQwyu5kA=="
    },
    "string-hash": {
      "version": "1.1.3",
      "resolved": "https://registry.npmjs.org/string-hash/-/string-hash-1.1.3.tgz",
      "integrity": "sha1-6Kr8CsGFW0Zmkp7X3RJ1311sgRs="
    },
    "string.prototype.trimend": {
      "version": "1.0.4",
      "resolved": "https://registry.npmjs.org/string.prototype.trimend/-/string.prototype.trimend-1.0.4.tgz",
      "integrity": "sha512-y9xCjw1P23Awk8EvTpcyL2NIr1j7wJ39f+k6lvRnSMz+mz9CGz9NYPelDk42kOz6+ql8xjfK8oYzy3jAP5QU5A==",
      "requires": {
        "call-bind": "^1.0.2",
        "define-properties": "^1.1.3"
      }
    },
    "string.prototype.trimstart": {
      "version": "1.0.4",
      "resolved": "https://registry.npmjs.org/string.prototype.trimstart/-/string.prototype.trimstart-1.0.4.tgz",
      "integrity": "sha512-jh6e984OBfvxS50tdY2nRZnoC5/mLFKOREQfw8t5yytkoUsJRNxvI/E39qu1sD0OtWI3OC0XgKSmcWwziwYuZw==",
      "requires": {
        "call-bind": "^1.0.2",
        "define-properties": "^1.1.3"
      }
    },
    "text-mask-addons": {
      "version": "3.8.0",
      "resolved": "https://registry.npmjs.org/text-mask-addons/-/text-mask-addons-3.8.0.tgz",
      "integrity": "sha1-F7Ye9mWk82gR8uofAaIjtL5hqyY="
    },
    "ticky": {
      "version": "1.0.1",
      "resolved": "https://registry.npmjs.org/ticky/-/ticky-1.0.1.tgz",
      "integrity": "sha1-t8+nHnaPHJAAxJe5FRswlHxQ5G0="
    },
    "tooltip.js": {
      "version": "1.3.3",
      "resolved": "https://registry.npmjs.org/tooltip.js/-/tooltip.js-1.3.3.tgz",
      "integrity": "sha512-XWWuy/dBdF/F/YpRE955yqBZ4VdLfiTAUdOqoU+wJm6phJlMpEzl/iYHZ+qJswbeT9VG822bNfsETF9wzmoy5A==",
      "requires": {
        "popper.js": "^1.0.2"
      }
    },
    "tr46": {
      "version": "0.0.3",
      "resolved": "https://registry.npmjs.org/tr46/-/tr46-0.0.3.tgz",
      "integrity": "sha1-gYT9NH2snNwYWZLzpmIuFLnZq2o="
    },
    "typescript": {
      "version": "2.9.2",
      "resolved": "https://registry.npmjs.org/typescript/-/typescript-2.9.2.tgz",
      "integrity": "sha512-Gr4p6nFNaoufRIY4NMdpQRNmgxVIGMs4Fcu/ujdYk3nAZqk7supzBE9idmvfZIlH/Cuj//dvi+019qEue9lV0w==",
      "dev": true
    },
    "typescript-eslint-parser": {
      "version": "13.0.0",
      "resolved": "https://registry.npmjs.org/typescript-eslint-parser/-/typescript-eslint-parser-13.0.0.tgz",
      "integrity": "sha512-L4F2yNInIrNCDOkvkzCD/YPiv7LK5aOvQYKr7DirtuUb4rf1Xwwb7b8FxgKk8XFsbi+OfnNDMXMzfXzZk21d6w==",
      "dev": true,
      "requires": {
        "lodash.unescape": "4.0.1",
        "semver": "5.5.0"
      }
    },
    "unbox-primitive": {
      "version": "1.0.1",
      "resolved": "https://registry.npmjs.org/unbox-primitive/-/unbox-primitive-1.0.1.tgz",
      "integrity": "sha512-tZU/3NqK3dA5gpE1KtyiJUrEB0lxnGkMFHptJ7q6ewdZ8s12QrODwNbhIJStmJkd1QDXa1NRA8aF2A1zk/Ypyw==",
      "requires": {
        "function-bind": "^1.1.1",
        "has-bigints": "^1.0.1",
        "has-symbols": "^1.0.2",
        "which-boxed-primitive": "^1.0.2"
      }
    },
    "uuid": {
      "version": "8.3.2",
      "resolved": "https://registry.npmjs.org/uuid/-/uuid-8.3.2.tgz",
      "integrity": "sha512-+NYs2QeMWy+GWFOEm9xnn6HCDp0l7QBD7ml8zLUmJ+93Q5NF0NocErnwkTkXVFNiX3/fpC6afS8Dhb/gz7R7eg=="
    },
    "vanilla-picker": {
      "version": "2.11.2",
      "resolved": "https://registry.npmjs.org/vanilla-picker/-/vanilla-picker-2.11.2.tgz",
      "integrity": "sha512-2cP7LlUnxHxwOf06ReUVtd2RFJMnJGaxN2s0p8wzBH3In5b00Le7fFZ9VrIoBE0svZkSq/BC/Pwq/k/9n+AA2g==",
      "requires": {
        "@sphinxxxx/color-conversion": "^2.2.2"
      }
    },
    "vue": {
      "version": "2.6.14",
      "resolved": "https://registry.npmjs.org/vue/-/vue-2.6.14.tgz",
      "integrity": "sha512-x2284lgYvjOMj3Za7kqzRcUSxBboHqtgRE2zlos1qWaOye5yUmHn42LB1250NJBLRwEcdrB0JRwyPTEPhfQjiQ=="
    },
    "vue-class-component": {
      "version": "7.2.6",
      "resolved": "https://registry.npmjs.org/vue-class-component/-/vue-class-component-7.2.6.tgz",
      "integrity": "sha512-+eaQXVrAm/LldalI272PpDe3+i4mPis0ORiMYxF6Ae4hyuCh15W8Idet7wPUEs4N4YptgFHGys4UrgNQOMyO6w=="
    },
    "vue-property-decorator": {
      "version": "8.2.2",
      "resolved": "https://registry.npmjs.org/vue-property-decorator/-/vue-property-decorator-8.2.2.tgz",
      "integrity": "sha512-3gRrIeoUtjXvkoMX2stJsVs7805Pa9MXEndnk21ej+sWO7AIc5HF1TKqK0Pox5TEjpO02UbadIF0QWNrx6ZwXQ==",
      "requires": {
        "vue-class-component": "^7.0.1"
      },
      "dependencies": {
        "vue-class-component": {
          "version": "7.1.0",
          "resolved": "https://registry.npmjs.org/vue-class-component/-/vue-class-component-7.1.0.tgz",
          "integrity": "sha512-G9152NzUkz0i0xTfhk0Afc8vzdXxDR1pfN4dTwE72cskkgJtdXfrKBkMfGvDuxUh35U500g5Ve4xL8PEGdWeHg=="
        }
      }
    },
    "webidl-conversions": {
      "version": "3.0.1",
      "resolved": "https://registry.npmjs.org/webidl-conversions/-/webidl-conversions-3.0.1.tgz",
      "integrity": "sha1-JFNCdeKnvGvnvIZhHMFq4KVlSHE="
    },
    "whatwg-url": {
      "version": "5.0.0",
      "resolved": "https://registry.npmjs.org/whatwg-url/-/whatwg-url-5.0.0.tgz",
      "integrity": "sha1-lmRU6HZUYuN2RNNib2dCzotwll0=",
      "requires": {
        "tr46": "~0.0.3",
        "webidl-conversions": "^3.0.0"
      }
    },
    "which-boxed-primitive": {
      "version": "1.0.2",
      "resolved": "https://registry.npmjs.org/which-boxed-primitive/-/which-boxed-primitive-1.0.2.tgz",
      "integrity": "sha512-bwZdv0AKLpplFY2KZRX6TvyuN7ojjr7lwkg6ml0roIy9YeuSr7JS372qlNW18UQYzgYK9ziGcerWqZOmEn9VNg==",
      "requires": {
        "is-bigint": "^1.0.1",
        "is-boolean-object": "^1.1.0",
        "is-number-object": "^1.0.4",
        "is-string": "^1.0.5",
        "is-symbol": "^1.0.3"
      }
    },
    "which-collection": {
      "version": "1.0.1",
      "resolved": "https://registry.npmjs.org/which-collection/-/which-collection-1.0.1.tgz",
      "integrity": "sha512-W8xeTUwaln8i3K/cY1nGXzdnVZlidBcagyNFtBdD5kxnb4TvGKR7FfSIS3mYpwWS1QUCutfKz8IY8RjftB0+1A==",
      "requires": {
        "is-map": "^2.0.1",
        "is-set": "^2.0.1",
        "is-weakmap": "^2.0.1",
        "is-weakset": "^2.0.1"
      }
    },
    "which-typed-array": {
      "version": "1.1.7",
      "resolved": "https://registry.npmjs.org/which-typed-array/-/which-typed-array-1.1.7.tgz",
      "integrity": "sha512-vjxaB4nfDqwKI0ws7wZpxIlde1XrLX5uB0ZjpfshgmapJMD7jJWhZI+yToJTqaFByF0eNBcYxbjmCzoRP7CfEw==",
      "requires": {
        "available-typed-arrays": "^1.0.5",
        "call-bind": "^1.0.2",
        "es-abstract": "^1.18.5",
        "foreach": "^2.0.5",
        "has-tostringtag": "^1.0.0",
        "is-typed-array": "^1.1.7"
      }
    }
  }
}
