{
  "name": "vue-formio",
  "version": "1.0.0-alpha.1",
  "lockfileVersion": 1,
  "requires": true,
  "dependencies": {
    "@types/node": {
      "version": "4.2.23",
      "resolved": "https://registry.npmjs.org/@types/node/-/node-4.2.23.tgz",
      "integrity": "sha512-U6IchCNLRyswc9p6G6lxWlbE+KwAhZp6mGo6MD2yWpmFomhYmetK+c98OpKyvphNn04CU3aXeJrXdOqbXVTS/w=="
    },
    "atoa": {
      "version": "1.0.0",
      "resolved": "https://registry.npmjs.org/atoa/-/atoa-1.0.0.tgz",
      "integrity": "sha1-DMDpGkgOc4+SPrwQNnZHF3mzSkk="
    },
    "browser-cookies": {
      "version": "1.2.0",
      "resolved": "https://registry.npmjs.org/browser-cookies/-/browser-cookies-1.2.0.tgz",
      "integrity": "sha1-/KP/ubamOq3E2MCZnGtX0Pp9KbU="
    },
    "choices.js": {
      "version": "3.0.3",
      "resolved": "https://registry.npmjs.org/choices.js/-/choices.js-3.0.3.tgz",
      "integrity": "sha512-kR6fR7mkYK+fEZo/6zfkVOiuxyAKUbRsx4tI3pWnIw6bYCgPRt2kunsE5DdkIDtwMvIz9+rB7itNCgiqxMDngg==",
      "requires": {
        "classnames": "2.2.5",
        "fuse.js": "2.7.4",
        "opn": "5.3.0",
        "redux": "3.7.2"
      }
    },
    "classnames": {
      "version": "2.2.5",
      "resolved": "https://registry.npmjs.org/classnames/-/classnames-2.2.5.tgz",
      "integrity": "sha1-+zgB1FNGdknvNgPH1hoCvRKb3m0="
    },
    "contra": {
      "version": "1.9.4",
      "resolved": "https://registry.npmjs.org/contra/-/contra-1.9.4.tgz",
      "integrity": "sha1-9TveQtfltZhcrk2ZqNYQUm3o8o0=",
      "requires": {
        "atoa": "1.0.0",
        "ticky": "1.0.1"
      }
    },
    "crossvent": {
      "version": "1.5.4",
      "resolved": "https://registry.npmjs.org/crossvent/-/crossvent-1.5.4.tgz",
      "integrity": "sha1-2ixPj0DJR4JRe/K+7BBEFIGUq5I=",
      "requires": {
        "custom-event": "1.0.0"
      }
    },
    "custom-event": {
      "version": "1.0.0",
      "resolved": "https://registry.npmjs.org/custom-event/-/custom-event-1.0.0.tgz",
      "integrity": "sha1-LkYovhncSyFLXAJjDFlx6BFhgGI="
    },
    "dialog-polyfill": {
      "version": "0.4.9",
      "resolved": "https://registry.npmjs.org/dialog-polyfill/-/dialog-polyfill-0.4.9.tgz",
      "integrity": "sha512-iM4ZXRLOA/qpbW6XznGOq7Iq58JoXhZGo+OMG8K3wFxvIatnMTnIancLGEKa6WYy6oTkndfb2UXQ6FGtoUBn1g=="
    },
    "dragula": {
      "version": "3.7.2",
      "resolved": "https://registry.npmjs.org/dragula/-/dragula-3.7.2.tgz",
      "integrity": "sha1-SjXJ05gf+sGpScKcpyhQWOhzk84=",
      "requires": {
        "contra": "1.9.4",
        "crossvent": "1.5.4"
      }
    },
    "eventemitter2": {
      "version": "5.0.1",
      "resolved": "https://registry.npmjs.org/eventemitter2/-/eventemitter2-5.0.1.tgz",
      "integrity": "sha1-YZegldX7a1folC9v1+qtY6CclFI="
    },
    "flatpickr": {
      "version": "4.4.6",
      "resolved": "https://registry.npmjs.org/flatpickr/-/flatpickr-4.4.6.tgz",
      "integrity": "sha512-5b4aJtMBiyXyg5paf3lZ872t1Qjt7Qv4SNqChKh2AvP+OYaC1jrutty0goW6WvvkASoamzeFEFbPJIBdHqxNRA=="
    },
    "font-awesome": {
      "version": "4.7.0",
      "resolved": "https://registry.npmjs.org/font-awesome/-/font-awesome-4.7.0.tgz",
      "integrity": "sha1-j6jPBBGhoxr9B7BtKQK7n8gVoTM="
    },
    "formiojs": {
      "version": "3.0.0-alpha.9",
      "resolved": "https://registry.npmjs.org/formiojs/-/formiojs-3.0.0-alpha.9.tgz",
      "integrity": "sha512-ad5XB69+5c1EX5ZZAUaUVl5HoptUBrxZ4lKh+gxOqeJljcBXTIoeBeSJ812QMUIjv17DoKnpSS8e2gvYlB938Q==",
      "requires": {
        "browser-cookies": "1.2.0",
        "choices.js": "3.0.3",
        "dialog-polyfill": "0.4.9",
        "dragula": "3.7.2",
        "eventemitter2": "5.0.1",
        "flatpickr": "4.4.6",
        "font-awesome": "4.7.0",
        "i18next": "11.3.1",
        "json-logic-js": "1.2.2",
        "lodash": "4.17.10",
        "moment": "2.22.1",
        "native-promise-only": "0.8.1",
        "shallow-copy": "0.0.1",
        "signature_pad": "2.3.2",
        "text-mask-addons": "3.7.2",
        "tooltip.js": "1.2.0",
        "vanilla-text-mask": "5.1.1",
        "whatwg-fetch": "2.0.4"
      }
    },
    "fuse.js": {
      "version": "2.7.4",
      "resolved": "https://registry.npmjs.org/fuse.js/-/fuse.js-2.7.4.tgz",
      "integrity": "sha1-luQg/efvARrEnCWKYhMU/ldlNvk="
    },
    "i18next": {
      "version": "11.3.1",
      "resolved": "https://registry.npmjs.org/i18next/-/i18next-11.3.1.tgz",
      "integrity": "sha512-Or1eH3G+5FX6biqopz78n8c56M6FKeDtG1YDMvi8ymxEYWwcGtdyp0qw2egiwnNXkWnLiE9eIy9w79zv7VLw6w=="
    },
    "is-wsl": {
      "version": "1.1.0",
      "resolved": "https://registry.npmjs.org/is-wsl/-/is-wsl-1.1.0.tgz",
      "integrity": "sha1-HxbkqiKwTRM2tmGIpmrzxgDDpm0="
    },
    "js-tokens": {
      "version": "3.0.2",
      "resolved": "https://registry.npmjs.org/js-tokens/-/js-tokens-3.0.2.tgz",
      "integrity": "sha1-mGbfOVECEw449/mWvOtlRDIJwls="
    },
    "json-logic-js": {
      "version": "1.2.2",
      "resolved": "https://registry.npmjs.org/json-logic-js/-/json-logic-js-1.2.2.tgz",
      "integrity": "sha1-5cOCqm3yXfSF7erTOYaTlsUzr+g="
    },
    "lodash": {
      "version": "4.17.10",
      "resolved": "https://registry.npmjs.org/lodash/-/lodash-4.17.10.tgz",
      "integrity": "sha512-UejweD1pDoXu+AD825lWwp4ZGtSwgnpZxb3JDViD7StjQz+Nb/6l093lx4OQ0foGWNRoc19mWy7BzL+UAK2iVg=="
    },
    "lodash-es": {
      "version": "4.17.10",
      "resolved": "https://registry.npmjs.org/lodash-es/-/lodash-es-4.17.10.tgz",
      "integrity": "sha512-iesFYPmxYYGTcmQK0sL8bX3TGHyM6b2qREaB4kamHfQyfPJP0xgoGxp19nsH16nsfquLdiyKyX3mQkfiSGV8Rg=="
    },
    "lodash.unescape": {
      "version": "4.0.1",
      "resolved": "https://registry.npmjs.org/lodash.unescape/-/lodash.unescape-4.0.1.tgz",
      "integrity": "sha1-vyJJiGzlFM2hEvrpIYzcBlIR/Jw=",
      "dev": true
    },
    "loose-envify": {
      "version": "1.3.1",
      "resolved": "https://registry.npmjs.org/loose-envify/-/loose-envify-1.3.1.tgz",
      "integrity": "sha1-0aitM/qc4OcT1l/dCsi3SNR4yEg=",
      "requires": {
        "js-tokens": "3.0.2"
      }
    },
    "moment": {
      "version": "2.22.1",
      "resolved": "https://registry.npmjs.org/moment/-/moment-2.22.1.tgz",
      "integrity": "sha512-shJkRTSebXvsVqk56I+lkb2latjBs8I+pc2TzWc545y2iFnSjm7Wg0QMh+ZWcdSLQyGEau5jI8ocnmkyTgr9YQ=="
    },
    "native-promise-only": {
      "version": "0.8.1",
      "resolved": "https://registry.npmjs.org/native-promise-only/-/native-promise-only-0.8.1.tgz",
      "integrity": "sha1-IKMYwwy0X3H+et+/eyHJnBRy7xE="
    },
    "opn": {
      "version": "5.3.0",
      "resolved": "https://registry.npmjs.org/opn/-/opn-5.3.0.tgz",
      "integrity": "sha512-bYJHo/LOmoTd+pfiYhfZDnf9zekVJrY+cnS2a5F2x+w5ppvTqObojTP7WiFG+kVZs9Inw+qQ/lw7TroWwhdd2g==",
      "requires": {
        "is-wsl": "1.1.0"
      }
    },
    "popper.js": {
      "version": "1.14.3",
      "resolved": "https://registry.npmjs.org/popper.js/-/popper.js-1.14.3.tgz",
      "integrity": "sha1-FDj5jQRqz3tNeM1QK/QYrGTU8JU="
    },
    "redux": {
      "version": "3.7.2",
      "resolved": "https://registry.npmjs.org/redux/-/redux-3.7.2.tgz",
      "integrity": "sha512-pNqnf9q1hI5HHZRBkj3bAngGZW/JMCmexDlOxw4XagXY2o1327nHH54LoTjiPJ0gizoqPDRqWyX/00g0hD6w+A==",
      "requires": {
        "lodash": "4.17.10",
        "lodash-es": "4.17.10",
        "loose-envify": "1.3.1",
        "symbol-observable": "1.2.0"
      }
    },
    "reflect-metadata": {
      "version": "0.1.12",
      "resolved": "https://registry.npmjs.org/reflect-metadata/-/reflect-metadata-0.1.12.tgz",
      "integrity": "sha512-n+IyV+nGz3+0q3/Yf1ra12KpCyi001bi4XFxSjbiWWjfqb52iTTtpGXmCCAOWWIAn9KEuFZKGqBERHmrtScZ3A=="
    },
    "semver": {
      "version": "5.5.0",
      "resolved": "https://registry.npmjs.org/semver/-/semver-5.5.0.tgz",
      "integrity": "sha512-4SJ3dm0WAwWy/NVeioZh5AntkdJoWKxHxcmyP622fOkgHa4z3R0TdBJICINyaSDE6uNwVc8gZr+ZinwZAH4xIA==",
      "dev": true
    },
    "shallow-copy": {
      "version": "0.0.1",
      "resolved": "https://registry.npmjs.org/shallow-copy/-/shallow-copy-0.0.1.tgz",
      "integrity": "sha1-QV9CcC1z2BAzApLMXuhurhoRoXA="
    },
    "signature_pad": {
      "version": "2.3.2",
      "resolved": "https://registry.npmjs.org/signature_pad/-/signature_pad-2.3.2.tgz",
      "integrity": "sha512-peYXLxOsIY6MES2TrRLDiNg2T++8gGbpP2yaC+6Ohtxr+a2dzoaqWosWDY9sWqTAAk6E/TyQO+LJw9zQwyu5kA=="
    },
    "symbol-observable": {
      "version": "1.2.0",
      "resolved": "https://registry.npmjs.org/symbol-observable/-/symbol-observable-1.2.0.tgz",
      "integrity": "sha512-e900nM8RRtGhlV36KGEU9k65K3mPb1WV70OdjfxlG2EAuM1noi/E/BaW/uMhL7bPEssK8QV57vN3esixjUvcXQ=="
    },
    "text-mask-addons": {
      "version": "3.7.2",
      "resolved": "https://registry.npmjs.org/text-mask-addons/-/text-mask-addons-3.7.2.tgz",
      "integrity": "sha512-uezfAuWcDJ/B/lu5ooz38DEdI8NfIVX2xKwshLs40Er8MBGSppklOqOYw32wEmCUP7XPVX2u3u2TdQcIRuBLXA=="
    },
    "ticky": {
      "version": "1.0.1",
      "resolved": "https://registry.npmjs.org/ticky/-/ticky-1.0.1.tgz",
      "integrity": "sha1-t8+nHnaPHJAAxJe5FRswlHxQ5G0="
    },
    "tooltip.js": {
      "version": "1.2.0",
      "resolved": "https://registry.npmjs.org/tooltip.js/-/tooltip.js-1.2.0.tgz",
      "integrity": "sha1-ixZILwQ5f0+dc4eEPczxhokMiGA=",
      "requires": {
        "popper.js": "1.14.3"
      }
    },
    "typescript": {
      "version": "2.8.3",
      "resolved": "https://registry.npmjs.org/typescript/-/typescript-2.8.3.tgz",
      "integrity": "sha512-K7g15Bb6Ra4lKf7Iq2l/I5/En+hLIHmxWZGq3D4DIRNFxMNV6j2SHSvDOqs2tGd4UvD/fJvrwopzQXjLrT7Itw==",
      "dev": true
    },
    "typescript-eslint-parser": {
      "version": "13.0.0",
      "resolved": "https://registry.npmjs.org/typescript-eslint-parser/-/typescript-eslint-parser-13.0.0.tgz",
      "integrity": "sha512-L4F2yNInIrNCDOkvkzCD/YPiv7LK5aOvQYKr7DirtuUb4rf1Xwwb7b8FxgKk8XFsbi+OfnNDMXMzfXzZk21d6w==",
      "dev": true,
      "requires": {
        "lodash.unescape": "4.0.1",
        "semver": "5.5.0"
      }
    },
    "vanilla-text-mask": {
      "version": "5.1.1",
      "resolved": "https://registry.npmjs.org/vanilla-text-mask/-/vanilla-text-mask-5.1.1.tgz",
      "integrity": "sha512-JhjoMbCx3DG4GN/M/j06n1bVLeJPsZ7XelyCx8q87M9d5k3jwuWaY+a+09XBq1uOGQAW8QaWska66hOzXNKiQg=="
    },
    "vue": {
      "version": "2.5.16",
      "resolved": "https://registry.npmjs.org/vue/-/vue-2.5.16.tgz",
      "integrity": "sha512-/ffmsiVuPC8PsWcFkZngdpas19ABm5mh2wA7iDqcltyCTwlgZjHGeJYOXkBMo422iPwIcviOtrTCUpSfXmToLQ=="
    },
    "vue-class-component": {
      "version": "6.2.0",
      "resolved": "https://registry.npmjs.org/vue-class-component/-/vue-class-component-6.2.0.tgz",
      "integrity": "sha512-U11yVeP5zjPSx4IU7Zas3MLC+Vy9dmufI+uLKLo8YuGQJGOihSYfh/fgNnbjMteN+hz5axjG6iC6ybMo6vGYnA=="
    },
    "vue-expose-inject": {
      "version": "0.3.1",
      "resolved": "https://registry.npmjs.org/vue-expose-inject/-/vue-expose-inject-0.3.1.tgz",
      "integrity": "sha1-OFVyFxgNTBqBblZyKJWmih9fm1Y="
    },
    "vue-property-decorator": {
      "version": "6.0.0",
      "resolved": "https://registry.npmjs.org/vue-property-decorator/-/vue-property-decorator-6.0.0.tgz",
      "integrity": "sha1-u2UbKTVC4x2w0k829LAlDvCNhRU=",
      "requires": {
        "reflect-metadata": "0.1.12",
        "vue-class-component": "6.2.0"
      }
    },
    "vue-router": {
      "version": "3.0.1",
      "resolved": "https://registry.npmjs.org/vue-router/-/vue-router-3.0.1.tgz",
      "integrity": "sha512-vLLoY452L+JBpALMP5UHum9+7nzR9PeIBCghU9ZtJ1eWm6ieUI8Zb/DI3MYxH32bxkjzYV1LRjNv4qr8d+uX/w=="
    },
    "vuex": {
      "version": "3.0.1",
      "resolved": "https://registry.npmjs.org/vuex/-/vuex-3.0.1.tgz",
      "integrity": "sha512-wLoqz0B7DSZtgbWL1ShIBBCjv22GV5U+vcBFox658g6V0s4wZV9P4YjCNyoHSyIBpj1f29JBoNQIqD82cR4O3w=="
    },
    "whatwg-fetch": {
      "version": "2.0.4",
      "resolved": "https://registry.npmjs.org/whatwg-fetch/-/whatwg-fetch-2.0.4.tgz",
      "integrity": "sha512-dcQ1GWpOD/eEQ97k66aiEVpNnapVj90/+R+SXTPYGHpYBBypfKJEQjLrvMZ7YXbKm21gXd4NcuxUTjiv1YtLng=="
    }
  }
}
